
Microsoft Visual Studio Solution File, Format Version 12.00
# Visual Studio Version 17
VisualStudioVersion = 17.4.33103.184
MinimumVisualStudioVersion = 10.0.40219.1
Project("{FAE04EC0-301F-11D3-BF4B-00C04F79EFBC}") = "Ejercicio 60 de clase.", "..\Ejercicio 60 de clase\Ejercicio 60 de clase\Ejercicio 60 de clase..csproj", "{AACF3BF1-1241-4578-A686-BD34F3FE8E74}"
EndProject
Global
	GlobalSection(SolutionConfigurationPlatforms) = preSolution
		Debug|Any CPU = Debug|Any CPU
		Release|Any CPU = Release|Any CPU
	EndGlobalSection
	GlobalSection(ProjectConfigurationPlatforms) = postSolution
		{AACF3BF1-1241-4578-A686-BD34F3FE8E74}.Debug|Any CPU.ActiveCfg = Debug|Any CPU
		{AACF3BF1-1241-4578-A686-BD34F3FE8E74}.Debug|Any CPU.Build.0 = Debug|Any CPU
		{AACF3BF1-1241-4578-A686-BD34F3FE8E74}.Release|Any CPU.ActiveCfg = Release|Any CPU
		{AACF3BF1-1241-4578-A686-BD34F3FE8E74}.Release|Any CPU.Build.0 = Release|Any CPU
	EndGlobalSection
	GlobalSection(SolutionProperties) = preSolution
		HideSolutionNode = FALSE
	EndGlobalSection
	GlobalSection(ExtensibilityGlobals) = postSolution
		SolutionGuid = {447C93E6-D02E-4104-9F55-0DE3299AFE89}
	EndGlobalSection
EndGlobal
